version = 1
requires-python = ">=3.14"

[[package]]
name = "glcontext"
version = "3.0.0"
source = { registry = "https://pypi.org/simple" }
sdist = { url = "https://files.pythonhosted.org/packages/3a/80/8238a0e6e972292061176141c1028b5e670aa8c94cf4c2f819bd730d314e/glcontext-3.0.0.tar.gz", hash = "sha256:57168edcd38df2fc0d70c318edf6f7e59091fba1cd3dadb289d0aa50449211ef", size = 16422 }

[[package]]
name = "moderngl"
version = "5.12.0"
source = { registry = "https://pypi.org/simple" }
dependencies = [
    { name = "glcontext" },
]
sdist = { url = "https://files.pythonhosted.org/packages/da/52/540e2f8c45060bb2709f56eb5a44ae828dfcc97ccecb342c1a7deb467889/moderngl-5.12.0.tar.gz", hash = "sha256:52936a98ccb2f2e1d6e3cb18528b2919f6831e7e3f924e788b5873badce5129b", size = 193232 }

[[package]]
name = "multimethod"
version = "2.0"
source = { registry = "https://pypi.org/simple" }
sdist = { url = "https://files.pythonhosted.org/packages/55/14/34e8c84ba4f1ab1186dc07426e0e84be71d3336cc57e8d076ee14331d50e/multimethod-2.0.tar.gz", hash = "sha256:c628b6d2e7d61fbe58484dd884d990901e8314faf58af062e72b65e3423cb109", size = 16065 }
wheels = [
    { url = "https://files.pythonhosted.org/packages/84/42/a285fc4b89b3a249538954779cd4082a85bf35dc7d0a9c93e48e146e3dc7/multimethod-2.0-py3-none-any.whl", hash = "sha256:45aa231dc9dbb7f980c0f2ad8179e2c2b72a8cd5c7d7534337be66dde29d35be", size = 9836 },
]

[[package]]
name = "pygame-ce"
version = "2.5.2"
source = { registry = "https://pypi.org/simple" }
sdist = { url = "https://files.pythonhosted.org/packages/72/77/1dbadd1ad699622143df5b157d31cdc6bf28060bc0c1dea4ce70620d10ce/pygame_ce-2.5.2.tar.gz", hash = "sha256:4c6729df05d013bb8f1ab50165506f1649077cc632d16167d5c493c69673cad9", size = 6966336 }

[[package]]
name = "pygame-template-renewed"
version = "0.1.0"
source = { virtual = "." }
dependencies = [
    { name = "moderngl" },
    { name = "multimethod" },
    { name = "pygame-ce" },
]

[package.metadata]
requires-dist = [
    { name = "moderngl", specifier = ">=5.12.0" },
    { name = "multimethod", specifier = ">=2.0" },
    { name = "pygame-ce", specifier = ">=2.5.2" },
]
