version = 1
requires-python = ">=3.13"

[[package]]
name = "glcontext"
version = "3.0.0"
source = { registry = "https://pypi.org/simple" }
sdist = { url = "https://files.pythonhosted.org/packages/3a/80/8238a0e6e972292061176141c1028b5e670aa8c94cf4c2f819bd730d314e/glcontext-3.0.0.tar.gz", hash = "sha256:57168edcd38df2fc0d70c318edf6f7e59091fba1cd3dadb289d0aa50449211ef", size = 16422 }
wheels = [
    { url = "https://files.pythonhosted.org/packages/12/be/0ef6a6710164fde818040238b041b02a082a2b9d210f18632ab2354d863e/glcontext-3.0.0-cp313-cp313-macosx_10_13_x86_64.whl", hash = "sha256:5bd37089570d3cdb01c6c0b315c49ce8a4dcdab2c431f5ba9f37a8b633cebfdf", size = 9366 },
    { url = "https://files.pythonhosted.org/packages/b9/d7/c3220898d72fbf938660ba5789c19cf245d21b45802a5d86cbcc67d66413/glcontext-3.0.0-cp313-cp313-macosx_11_0_arm64.whl", hash = "sha256:857fd83e60f15580afd369dfb651a10d84a70ec35995622d253551bfb3ff9477", size = 9735 },
    { url = "https://files.pythonhosted.org/packages/74/c1/2d57062d2f2f6e55c58b12bdeab2a39b209f959df32039d099ecdfe96bf7/glcontext-3.0.0-cp313-cp313-manylinux_2_5_i686.manylinux1_i686.manylinux_2_17_i686.manylinux2014_i686.whl", hash = "sha256:93fda9b378ce6d91f366e83e71ebdafdd167280a9834d1d6341ce6457c4e42ed", size = 50166 },
    { url = "https://files.pythonhosted.org/packages/03/4d/7fee00c76d678b06529e939ab6f3e3190af30208fe2e984526899026a437/glcontext-3.0.0-cp313-cp313-manylinux_2_5_x86_64.manylinux1_x86_64.manylinux_2_17_x86_64.manylinux2014_x86_64.whl", hash = "sha256:89ad50d34aa62f03f6aaf6ae39fc27afd1b0eaefb0281aac51f686dc5672d473", size = 51186 },
    { url = "https://files.pythonhosted.org/packages/f0/58/dc9a56192b889587e51ea511804bad5dec816de81ce16831db9fe19d5c40/glcontext-3.0.0-cp313-cp313-musllinux_1_2_i686.whl", hash = "sha256:2634d5e9647a6d7b0c5a5c0c57e91ac98aa79759bffb42459af4374b049fab01", size = 44658 },
    { url = "https://files.pythonhosted.org/packages/aa/ed/acb12e67589deaa96ad29d6994c2b9383afd18700f4f2a42ff342628aac5/glcontext-3.0.0-cp313-cp313-musllinux_1_2_x86_64.whl", hash = "sha256:0140c5df37cb48271527355062d35589dc3e1e7e73b51adf9962ed5048115f69", size = 46882 },
    { url = "https://files.pythonhosted.org/packages/e0/6d/033ba23466d596c945f5f31f5c4e50cba3bc6664fdee58f6ceab54b76f4b/glcontext-3.0.0-cp313-cp313-win32.whl", hash = "sha256:6678e0552b516fa8fe62f500ef2b953bec991e82a003be2a9840d16556d03d2e", size = 12220 },
    { url = "https://files.pythonhosted.org/packages/53/b4/f0e0860526b8661ec6ae2b25a15b61100e551f57f488613c564752173a56/glcontext-3.0.0-cp313-cp313-win_amd64.whl", hash = "sha256:18aa4b1df50e8c8ea39bd0f775f39bcc987521f92c4ed019ec7d70078471354d", size = 12971 },
]

[[package]]
name = "moderngl"
version = "5.12.0"
source = { registry = "https://pypi.org/simple" }
dependencies = [
    { name = "glcontext" },
]
sdist = { url = "https://files.pythonhosted.org/packages/da/52/540e2f8c45060bb2709f56eb5a44ae828dfcc97ccecb342c1a7deb467889/moderngl-5.12.0.tar.gz", hash = "sha256:52936a98ccb2f2e1d6e3cb18528b2919f6831e7e3f924e788b5873badce5129b", size = 193232 }
wheels = [
    { url = "https://files.pythonhosted.org/packages/39/13/cf493bdc3cb4f7a6b4fb357e683404dc8a97d19f53d501e4afdd679538e2/moderngl-5.12.0-cp313-cp313-macosx_10_13_x86_64.whl", hash = "sha256:f6efb432f5164f871471d1da36e3a4be9dc3efd7a1e48d0ac6b751e556af5d02", size = 112118 },
    { url = "https://files.pythonhosted.org/packages/a9/1f/1d84bba5f42fb19ce240d08d5434fe8e2f34341e68bb9fa89336b6cbdcfc/moderngl-5.12.0-cp313-cp313-macosx_11_0_arm64.whl", hash = "sha256:9b09d8d15b2eaab41c8646a664429ec86af225fa25096758497cd212489d2e1e", size = 109371 },
    { url = "https://files.pythonhosted.org/packages/be/ae/bda0b95878e2b36eac66f64d88c08e6c8ea759607f7d40e843a21c2f4f32/moderngl-5.12.0-cp313-cp313-manylinux_2_17_x86_64.manylinux2014_x86_64.whl", hash = "sha256:071042dd4846e58cbe204cf49341b62cd209fdcb6d48018feb5a61c66707fcb2", size = 296206 },
    { url = "https://files.pythonhosted.org/packages/28/bc/93dc73251bcdb9c0f6f5c9a1d97ec2134672c307c68e6106948eab1f73d4/moderngl-5.12.0-cp313-cp313-manylinux_2_5_i686.manylinux1_i686.manylinux_2_17_i686.manylinux2014_i686.whl", hash = "sha256:91db8302ac7f5d7a82a967388677e1378ff078f1e16d05da37ce77f4633b93b1", size = 270443 },
    { url = "https://files.pythonhosted.org/packages/2e/a1/bd72c788b16c2392d3e1ebb570e56d7f871eaa1854f57917c0f131acb365/moderngl-5.12.0-cp313-cp313-musllinux_1_2_i686.whl", hash = "sha256:51971d65ec96a212a814350c8b324ae0754353e1b61826d1a06aa2d060df170e", size = 1345675 },
    { url = "https://files.pythonhosted.org/packages/b2/ec/6aff8fa267d9f80e4d32b7a606fdf9f0563103441a7dbaa4f53e272a4ada/moderngl-5.12.0-cp313-cp313-musllinux_1_2_x86_64.whl", hash = "sha256:d56827360c19e831e986243b5daaf6a51006f1ec0d5372084ad446308763d19f", size = 1274906 },
    { url = "https://files.pythonhosted.org/packages/9f/4d/dc3ff763c125080e71b1095875f5dcc80949402019abc073bdfdbed1f4c2/moderngl-5.12.0-cp313-cp313-win32.whl", hash = "sha256:caa432c12b138a6c9571719075c4d103bdc2504cd31aeda38a00ad10fcf268cb", size = 101215 },
    { url = "https://files.pythonhosted.org/packages/2c/8b/0a264732e0ee49fca109e98ec28f4d0c326ffc31466aa6e9668e8961aabb/moderngl-5.12.0-cp313-cp313-win_amd64.whl", hash = "sha256:e34d1cd38f7998258f76a08bb5e87f351ec653b7ea1928b2711f8719c10cefd1", size = 108514 },
]

[[package]]
name = "multimethod"
version = "2.0"
source = { registry = "https://pypi.org/simple" }
sdist = { url = "https://files.pythonhosted.org/packages/55/14/34e8c84ba4f1ab1186dc07426e0e84be71d3336cc57e8d076ee14331d50e/multimethod-2.0.tar.gz", hash = "sha256:c628b6d2e7d61fbe58484dd884d990901e8314faf58af062e72b65e3423cb109", size = 16065 }
wheels = [
    { url = "https://files.pythonhosted.org/packages/84/42/a285fc4b89b3a249538954779cd4082a85bf35dc7d0a9c93e48e146e3dc7/multimethod-2.0-py3-none-any.whl", hash = "sha256:45aa231dc9dbb7f980c0f2ad8179e2c2b72a8cd5c7d7534337be66dde29d35be", size = 9836 },
]

[[package]]
name = "pygame-ce"
version = "2.5.2"
source = { registry = "https://pypi.org/simple" }
sdist = { url = "https://files.pythonhosted.org/packages/72/77/1dbadd1ad699622143df5b157d31cdc6bf28060bc0c1dea4ce70620d10ce/pygame_ce-2.5.2.tar.gz", hash = "sha256:4c6729df05d013bb8f1ab50165506f1649077cc632d16167d5c493c69673cad9", size = 6966336 }
wheels = [
    { url = "https://files.pythonhosted.org/packages/73/37/3f5d35fb884804ac862e1c588a01b3f87db21657094081f8bab48c97f79a/pygame_ce-2.5.2-cp313-cp313-macosx_10_13_x86_64.whl", hash = "sha256:291d9cd568bcc47254ac1d1366f99800c8e68fcbdf57ccd40841cfd1abdaa037", size = 13640796 },
    { url = "https://files.pythonhosted.org/packages/6d/ac/2f41fdcf6bc26df4511ef603a71de4f587d692e1d018257ba243958a3980/pygame_ce-2.5.2-cp313-cp313-macosx_11_0_arm64.whl", hash = "sha256:7ee3cec06545e544974e7b75546bf0290db634af3c8a264faa7f18bc1a0ffa77", size = 12910261 },
    { url = "https://files.pythonhosted.org/packages/75/57/481479fa39a19c27cec186f2588fd4a475b4be08415ff001a51ac0a88896/pygame_ce-2.5.2-cp313-cp313-manylinux_2_17_aarch64.manylinux2014_aarch64.whl", hash = "sha256:f788aefb76bed53623ba33659182bacc5ad1670004b124c0a9285b65acd39da9", size = 13502495 },
    { url = "https://files.pythonhosted.org/packages/f1/cd/1f8e3761a5230e63ea364c96c5d83293e5514c28c9985caa210aa7f76283/pygame_ce-2.5.2-cp313-cp313-manylinux_2_17_i686.manylinux2014_i686.whl", hash = "sha256:fdea50f9904fb5f52957c2216966b3315424ab45a1a89157cd194ede93c95f71", size = 14045914 },
    { url = "https://files.pythonhosted.org/packages/5f/6a/b423c9ad086898677cd2bc94f8acfab353bbd528941a9596a427a284a6e2/pygame_ce-2.5.2-cp313-cp313-manylinux_2_17_x86_64.manylinux2014_x86_64.whl", hash = "sha256:da60f03332984c14561f5773dea0ce06a8ca2a132922870ea2c03097078042f4", size = 13668535 },
    { url = "https://files.pythonhosted.org/packages/68/e3/e52e03ca137441fc6165264c162caf34393fb3e2eb2e5c5fadac31f12bdc/pygame_ce-2.5.2-cp313-cp313-win32.whl", hash = "sha256:b4b21c676288afbf64cfefaa729d67de5500115e6c5e1d2aa251bcfc06dce725", size = 11185105 },
    { url = "https://files.pythonhosted.org/packages/6a/02/b6a556598d655866b3c2ad617c842e73b641079d926a566a43882454a5f4/pygame_ce-2.5.2-cp313-cp313-win_amd64.whl", hash = "sha256:bc503d5a710663d51b5c1405492bd29770e53fc69451747b0b9bb4f3a21161ff", size = 11645322 },
]

[[package]]
name = "pygame-template-renewed"
version = "0.1.0"
source = { virtual = "." }
dependencies = [
    { name = "moderngl" },
    { name = "multimethod" },
    { name = "pygame-ce" },
]

[package.metadata]
requires-dist = [
    { name = "moderngl", specifier = ">=5.12.0" },
    { name = "multimethod", specifier = ">=2.0" },
    { name = "pygame-ce", specifier = ">=2.5.2" },
]
